// !$*UTF8*$!
{
	archiveVersion = 1;
	classes = {
	};
	objectVersion = 51;
	objects = {

/* Begin PBXBuildFile section */
		26992C3B459F8B2F3BCFC7BE /* Pods_OnionGame.framework in Frameworks */ = {isa = PBXBuildFile; fileRef = 24CC265692715C356491173A /* Pods_OnionGame.framework */; };
		2F15740F22A4143600278E61 /* OnionPeelGameViewController.swift in Sources */ = {isa = PBXBuildFile; fileRef = 2F15740E22A4143600278E61 /* OnionPeelGameViewController.swift */; };
		2F45FB0522F53E0300D4B90F /* nanopb.framework in Frameworks */ = {isa = PBXBuildFile; fileRef = 2F45FB0422F53E0300D4B90F /* nanopb.framework */; };
		2F4E2A4F22EC617D00883B89 /* OnionChopViewController.swift in Sources */ = {isa = PBXBuildFile; fileRef = 2F4E2A4E22EC617D00883B89 /* OnionChopViewController.swift */; };
		2F562ADB23462D0500D079FF /* SwipeRotateViewController.swift in Sources */ = {isa = PBXBuildFile; fileRef = 2F562ADA23462D0500D079FF /* SwipeRotateViewController.swift */; };
		2F6300C522F5E30B0062C7A4 /* GoogleUtilities.framework in Frameworks */ = {isa = PBXBuildFile; fileRef = 2F6300C422F5E30B0062C7A4 /* GoogleUtilities.framework */; };
		2FB231E022A18A0C0093A900 /* AppDelegate.swift in Sources */ = {isa = PBXBuildFile; fileRef = 2FB231DF22A18A0C0093A900 /* AppDelegate.swift */; };
		2FB231E222A18A0C0093A900 /* art.scnassets in Resources */ = {isa = PBXBuildFile; fileRef = 2FB231E122A18A0C0093A900 /* art.scnassets */; };
		2FB231E722A18A0C0093A900 /* Main.storyboard in Resources */ = {isa = PBXBuildFile; fileRef = 2FB231E522A18A0C0093A900 /* Main.storyboard */; };
		2FB231E922A18A120093A900 /* Assets.xcassets in Resources */ = {isa = PBXBuildFile; fileRef = 2FB231E822A18A120093A900 /* Assets.xcassets */; };
		2FB231EC22A18A120093A900 /* LaunchScreen.storyboard in Resources */ = {isa = PBXBuildFile; fileRef = 2FB231EA22A18A120093A900 /* LaunchScreen.storyboard */; };
		2FB231F722A18A120093A900 /* OnionGameTests.swift in Sources */ = {isa = PBXBuildFile; fileRef = 2FB231F622A18A120093A900 /* OnionGameTests.swift */; };
		2FDBB0B122D44678003833F6 /* PeelViewController.swift in Sources */ = {isa = PBXBuildFile; fileRef = 2FDBB0B022D44678003833F6 /* PeelViewController.swift */; };
		2FDBB0B322D44690003833F6 /* RotateViewController.swift in Sources */ = {isa = PBXBuildFile; fileRef = 2FDBB0B222D44690003833F6 /* RotateViewController.swift */; };
/* End PBXBuildFile section */

/* Begin PBXContainerItemProxy section */
		2FB231F322A18A120093A900 /* PBXContainerItemProxy */ = {
			isa = PBXContainerItemProxy;
			containerPortal = 2FB231D422A18A0C0093A900 /* Project object */;
			proxyType = 1;
			remoteGlobalIDString = 2FB231DB22A18A0C0093A900;
			remoteInfo = OnionGame;
		};
/* End PBXContainerItemProxy section */

/* Begin PBXFileReference section */
		24CC265692715C356491173A /* Pods_OnionGame.framework */ = {isa = PBXFileReference; explicitFileType = wrapper.framework; includeInIndex = 0; path = Pods_OnionGame.framework; sourceTree = BUILT_PRODUCTS_DIR; };
		2F15740E22A4143600278E61 /* OnionPeelGameViewController.swift */ = {isa = PBXFileReference; fileEncoding = 4; lastKnownFileType = sourcecode.swift; path = OnionPeelGameViewController.swift; sourceTree = "<group>"; };
		2F45FB0422F53E0300D4B90F /* nanopb.framework */ = {isa = PBXFileReference; explicitFileType = wrapper.framework; path = nanopb.framework; sourceTree = BUILT_PRODUCTS_DIR; };
		2F45FB0622F53E0900D4B90F /* GTMSessionFetcher.framework */ = {isa = PBXFileReference; explicitFileType = wrapper.framework; path = GTMSessionFetcher.framework; sourceTree = BUILT_PRODUCTS_DIR; };
		2F45FB0822F53E0F00D4B90F /* GoogleToolboxForMac.framework */ = {isa = PBXFileReference; explicitFileType = wrapper.framework; path = GoogleToolboxForMac.framework; sourceTree = BUILT_PRODUCTS_DIR; };
		2F4E2A4E22EC617D00883B89 /* OnionChopViewController.swift */ = {isa = PBXFileReference; lastKnownFileType = sourcecode.swift; path = OnionChopViewController.swift; sourceTree = "<group>"; };
		2F562ADA23462D0500D079FF /* SwipeRotateViewController.swift */ = {isa = PBXFileReference; lastKnownFileType = sourcecode.swift; path = SwipeRotateViewController.swift; sourceTree = "<group>"; };
		2F6300C422F5E30B0062C7A4 /* GoogleUtilities.framework */ = {isa = PBXFileReference; explicitFileType = wrapper.framework; path = GoogleUtilities.framework; sourceTree = BUILT_PRODUCTS_DIR; };
		2F6300C622F669D10062C7A4 /* OnionGame.entitlements */ = {isa = PBXFileReference; lastKnownFileType = text.plist.entitlements; path = OnionGame.entitlements; sourceTree = "<group>"; };
		2FB231DC22A18A0C0093A900 /* OnionGame.app */ = {isa = PBXFileReference; explicitFileType = wrapper.application; includeInIndex = 0; path = OnionGame.app; sourceTree = BUILT_PRODUCTS_DIR; };
		2FB231DF22A18A0C0093A900 /* AppDelegate.swift */ = {isa = PBXFileReference; lastKnownFileType = sourcecode.swift; path = AppDelegate.swift; sourceTree = "<group>"; };
		2FB231E122A18A0C0093A900 /* art.scnassets */ = {isa = PBXFileReference; lastKnownFileType = wrapper.scnassets; path = art.scnassets; sourceTree = "<group>"; };
		2FB231E622A18A0C0093A900 /* Base */ = {isa = PBXFileReference; lastKnownFileType = file.storyboard; name = Base; path = Base.lproj/Main.storyboard; sourceTree = "<group>"; };
		2FB231E822A18A120093A900 /* Assets.xcassets */ = {isa = PBXFileReference; lastKnownFileType = folder.assetcatalog; path = Assets.xcassets; sourceTree = "<group>"; };
		2FB231EB22A18A120093A900 /* Base */ = {isa = PBXFileReference; lastKnownFileType = file.storyboard; name = Base; path = Base.lproj/LaunchScreen.storyboard; sourceTree = "<group>"; };
		2FB231ED22A18A120093A900 /* Info.plist */ = {isa = PBXFileReference; lastKnownFileType = text.plist.xml; path = Info.plist; sourceTree = "<group>"; };
		2FB231F222A18A120093A900 /* OnionGameTests.xctest */ = {isa = PBXFileReference; explicitFileType = wrapper.cfbundle; includeInIndex = 0; path = OnionGameTests.xctest; sourceTree = BUILT_PRODUCTS_DIR; };
		2FB231F622A18A120093A900 /* OnionGameTests.swift */ = {isa = PBXFileReference; lastKnownFileType = sourcecode.swift; path = OnionGameTests.swift; sourceTree = "<group>"; };
		2FB231F822A18A120093A900 /* Info.plist */ = {isa = PBXFileReference; lastKnownFileType = text.plist.xml; path = Info.plist; sourceTree = "<group>"; };
		2FDBB0B022D44678003833F6 /* PeelViewController.swift */ = {isa = PBXFileReference; lastKnownFileType = sourcecode.swift; path = PeelViewController.swift; sourceTree = "<group>"; };
		2FDBB0B222D44690003833F6 /* RotateViewController.swift */ = {isa = PBXFileReference; lastKnownFileType = sourcecode.swift; path = RotateViewController.swift; sourceTree = "<group>"; };
		730789F3F37C56DBBC21134D /* Pods-OnionGame.release.xcconfig */ = {isa = PBXFileReference; includeInIndex = 1; lastKnownFileType = text.xcconfig; name = "Pods-OnionGame.release.xcconfig"; path = "Target Support Files/Pods-OnionGame/Pods-OnionGame.release.xcconfig"; sourceTree = "<group>"; };
		7BEB9C5F507D44F4A05773C8 /* Pods-OnionGame.debug.xcconfig */ = {isa = PBXFileReference; includeInIndex = 1; lastKnownFileType = text.xcconfig; name = "Pods-OnionGame.debug.xcconfig"; path = "Target Support Files/Pods-OnionGame/Pods-OnionGame.debug.xcconfig"; sourceTree = "<group>"; };
/* End PBXFileReference section */

/* Begin PBXFrameworksBuildPhase section */
		2FB231D922A18A0C0093A900 /* Frameworks */ = {
			isa = PBXFrameworksBuildPhase;
			buildActionMask = 2147483647;
			files = (
				2F6300C522F5E30B0062C7A4 /* GoogleUtilities.framework in Frameworks */,
				2F45FB0522F53E0300D4B90F /* nanopb.framework in Frameworks */,
				26992C3B459F8B2F3BCFC7BE /* Pods_OnionGame.framework in Frameworks */,
			);
			runOnlyForDeploymentPostprocessing = 0;
		};
		2FB231EF22A18A120093A900 /* Frameworks */ = {
			isa = PBXFrameworksBuildPhase;
			buildActionMask = 2147483647;
			files = (
			);
			runOnlyForDeploymentPostprocessing = 0;
		};
/* End PBXFrameworksBuildPhase section */

/* Begin PBXGroup section */
		2FB231D322A18A0C0093A900 = {
			isa = PBXGroup;
			children = (
				2FB231DE22A18A0C0093A900 /* OnionGame */,
				2FB231F522A18A120093A900 /* OnionGameTests */,
				2FB231DD22A18A0C0093A900 /* Products */,
				3B3CE568781C0F1D34A0A773 /* Pods */,
				B28D3E043E53019C9A1C3D12 /* Frameworks */,
			);
			sourceTree = "<group>";
		};
		2FB231DD22A18A0C0093A900 /* Products */ = {
			isa = PBXGroup;
			children = (
				2FB231DC22A18A0C0093A900 /* OnionGame.app */,
				2FB231F222A18A120093A900 /* OnionGameTests.xctest */,
			);
			name = Products;
			sourceTree = "<group>";
		};
		2FB231DE22A18A0C0093A900 /* OnionGame */ = {
			isa = PBXGroup;
			children = (
				2F6300C622F669D10062C7A4 /* OnionGame.entitlements */,
				2FB231DF22A18A0C0093A900 /* AppDelegate.swift */,
				2FB231E122A18A0C0093A900 /* art.scnassets */,
				2FB231E522A18A0C0093A900 /* Main.storyboard */,
				2FDBB0B022D44678003833F6 /* PeelViewController.swift */,
				2FDBB0B222D44690003833F6 /* RotateViewController.swift */,
				2F562ADA23462D0500D079FF /* SwipeRotateViewController.swift */,
				2F15740E22A4143600278E61 /* OnionPeelGameViewController.swift */,
				2F4E2A4E22EC617D00883B89 /* OnionChopViewController.swift */,
				2FB231E822A18A120093A900 /* Assets.xcassets */,
				2FB231EA22A18A120093A900 /* LaunchScreen.storyboard */,
				2FB231ED22A18A120093A900 /* Info.plist */,
			);
			path = OnionGame;
			sourceTree = "<group>";
		};
		2FB231F522A18A120093A900 /* OnionGameTests */ = {
			isa = PBXGroup;
			children = (
				2FB231F622A18A120093A900 /* OnionGameTests.swift */,
				2FB231F822A18A120093A900 /* Info.plist */,
			);
			path = OnionGameTests;
			sourceTree = "<group>";
		};
		3B3CE568781C0F1D34A0A773 /* Pods */ = {
			isa = PBXGroup;
			children = (
				7BEB9C5F507D44F4A05773C8 /* Pods-OnionGame.debug.xcconfig */,
				730789F3F37C56DBBC21134D /* Pods-OnionGame.release.xcconfig */,
			);
			path = Pods;
			sourceTree = "<group>";
		};
		B28D3E043E53019C9A1C3D12 /* Frameworks */ = {
			isa = PBXGroup;
			children = (
				2F6300C422F5E30B0062C7A4 /* GoogleUtilities.framework */,
				2F45FB0822F53E0F00D4B90F /* GoogleToolboxForMac.framework */,
				2F45FB0622F53E0900D4B90F /* GTMSessionFetcher.framework */,
				2F45FB0422F53E0300D4B90F /* nanopb.framework */,
				24CC265692715C356491173A /* Pods_OnionGame.framework */,
			);
			name = Frameworks;
			sourceTree = "<group>";
		};
/* End PBXGroup section */

/* Begin PBXNativeTarget section */
		2FB231DB22A18A0C0093A900 /* OnionGame */ = {
			isa = PBXNativeTarget;
			buildConfigurationList = 2FB231FB22A18A120093A900 /* Build configuration list for PBXNativeTarget "OnionGame" */;
			buildPhases = (
				D23B04A585AE632103FE7D82 /* [CP] Check Pods Manifest.lock */,
				2FB231D822A18A0C0093A900 /* Sources */,
				2FB231D922A18A0C0093A900 /* Frameworks */,
				2FB231DA22A18A0C0093A900 /* Resources */,
				174DD880CFB4DA69FA8C177B /* [CP] Embed Pods Frameworks */,
			);
			buildRules = (
			);
			dependencies = (
			);
			name = OnionGame;
			productName = OnionGame;
			productReference = 2FB231DC22A18A0C0093A900 /* OnionGame.app */;
			productType = "com.apple.product-type.application";
		};
		2FB231F122A18A120093A900 /* OnionGameTests */ = {
			isa = PBXNativeTarget;
			buildConfigurationList = 2FB231FE22A18A120093A900 /* Build configuration list for PBXNativeTarget "OnionGameTests" */;
			buildPhases = (
				2FB231EE22A18A120093A900 /* Sources */,
				2FB231EF22A18A120093A900 /* Frameworks */,
				2FB231F022A18A120093A900 /* Resources */,
			);
			buildRules = (
			);
			dependencies = (
				2FB231F422A18A120093A900 /* PBXTargetDependency */,
			);
			name = OnionGameTests;
			productName = OnionGameTests;
			productReference = 2FB231F222A18A120093A900 /* OnionGameTests.xctest */;
			productType = "com.apple.product-type.bundle.unit-test";
		};
/* End PBXNativeTarget section */

/* Begin PBXProject section */
		2FB231D422A18A0C0093A900 /* Project object */ = {
			isa = PBXProject;
			attributes = {
				LastSwiftUpdateCheck = 1020;
				LastUpgradeCheck = 1020;
				ORGANIZATIONNAME = DesGui;
				TargetAttributes = {
					2FB231DB22A18A0C0093A900 = {
						CreatedOnToolsVersion = 10.2.1;
						SystemCapabilities = {
							com.apple.Push = {
								enabled = 1;
							};
						};
					};
					2FB231F122A18A120093A900 = {
						CreatedOnToolsVersion = 10.2.1;
						TestTargetID = 2FB231DB22A18A0C0093A900;
					};
				};
			};
			buildConfigurationList = 2FB231D722A18A0C0093A900 /* Build configuration list for PBXProject "OnionGame" */;
			compatibilityVersion = "Xcode 9.3";
			developmentRegion = en;
			hasScannedForEncodings = 0;
			knownRegions = (
				en,
				Base,
			);
			mainGroup = 2FB231D322A18A0C0093A900;
			productRefGroup = 2FB231DD22A18A0C0093A900 /* Products */;
			projectDirPath = "";
			projectRoot = "";
			targets = (
				2FB231DB22A18A0C0093A900 /* OnionGame */,
				2FB231F122A18A120093A900 /* OnionGameTests */,
			);
		};
/* End PBXProject section */

/* Begin PBXResourcesBuildPhase section */
		2FB231DA22A18A0C0093A900 /* Resources */ = {
			isa = PBXResourcesBuildPhase;
			buildActionMask = 2147483647;
			files = (
				2FB231E222A18A0C0093A900 /* art.scnassets in Resources */,
				2FB231EC22A18A120093A900 /* LaunchScreen.storyboard in Resources */,
				2FB231E922A18A120093A900 /* Assets.xcassets in Resources */,
				2FB231E722A18A0C0093A900 /* Main.storyboard in Resources */,
			);
			runOnlyForDeploymentPostprocessing = 0;
		};
		2FB231F022A18A120093A900 /* Resources */ = {
			isa = PBXResourcesBuildPhase;
			buildActionMask = 2147483647;
			files = (
			);
			runOnlyForDeploymentPostprocessing = 0;
		};
/* End PBXResourcesBuildPhase section */

/* Begin PBXShellScriptBuildPhase section */
		174DD880CFB4DA69FA8C177B /* [CP] Embed Pods Frameworks */ = {
			isa = PBXShellScriptBuildPhase;
			buildActionMask = 2147483647;
			files = (
			);
			inputFileListPaths = (
				"${PODS_ROOT}/Target Support Files/Pods-OnionGame/Pods-OnionGame-frameworks-${CONFIGURATION}-input-files.xcfilelist",
			);
			name = "[CP] Embed Pods Frameworks";
			outputFileListPaths = (
				"${PODS_ROOT}/Target Support Files/Pods-OnionGame/Pods-OnionGame-frameworks-${CONFIGURATION}-output-files.xcfilelist",
			);
			runOnlyForDeploymentPostprocessing = 0;
			shellPath = /bin/sh;
			shellScript = "\"${PODS_ROOT}/Target Support Files/Pods-OnionGame/Pods-OnionGame-frameworks.sh\"\n";
			showEnvVarsInLog = 0;
		};
		D23B04A585AE632103FE7D82 /* [CP] Check Pods Manifest.lock */ = {
			isa = PBXShellScriptBuildPhase;
			buildActionMask = 2147483647;
			files = (
			);
			inputFileListPaths = (
			);
			inputPaths = (
				"${PODS_PODFILE_DIR_PATH}/Podfile.lock",
				"${PODS_ROOT}/Manifest.lock",
			);
			name = "[CP] Check Pods Manifest.lock";
			outputFileListPaths = (
			);
			outputPaths = (
				"$(DERIVED_FILE_DIR)/Pods-OnionGame-checkManifestLockResult.txt",
			);
			runOnlyForDeploymentPostprocessing = 0;
			shellPath = /bin/sh;
			shellScript = "diff \"${PODS_PODFILE_DIR_PATH}/Podfile.lock\" \"${PODS_ROOT}/Manifest.lock\" > /dev/null\nif [ $? != 0 ] ; then\n    # print error to STDERR\n    echo \"error: The sandbox is not in sync with the Podfile.lock. Run 'pod install' or update your CocoaPods installation.\" >&2\n    exit 1\nfi\n# This output is used by Xcode 'outputs' to avoid re-running this script phase.\necho \"SUCCESS\" > \"${SCRIPT_OUTPUT_FILE_0}\"\n";
			showEnvVarsInLog = 0;
		};
/* End PBXShellScriptBuildPhase section */

/* Begin PBXSourcesBuildPhase section */
		2FB231D822A18A0C0093A900 /* Sources */ = {
			isa = PBXSourcesBuildPhase;
			buildActionMask = 2147483647;
			files = (
				2F562ADB23462D0500D079FF /* SwipeRotateViewController.swift in Sources */,
				2FDBB0B122D44678003833F6 /* PeelViewController.swift in Sources */,
				2F15740F22A4143600278E61 /* OnionPeelGameViewController.swift in Sources */,
				2FB231E022A18A0C0093A900 /* AppDelegate.swift in Sources */,
				2F4E2A4F22EC617D00883B89 /* OnionChopViewController.swift in Sources */,
				2FDBB0B322D44690003833F6 /* RotateViewController.swift in Sources */,
			);
			runOnlyForDeploymentPostprocessing = 0;
		};
		2FB231EE22A18A120093A900 /* Sources */ = {
			isa = PBXSourcesBuildPhase;
			buildActionMask = 2147483647;
			files = (
				2FB231F722A18A120093A900 /* OnionGameTests.swift in Sources */,
			);
			runOnlyForDeploymentPostprocessing = 0;
		};
/* End PBXSourcesBuildPhase section */

/* Begin PBXTargetDependency section */
		2FB231F422A18A120093A900 /* PBXTargetDependency */ = {
			isa = PBXTargetDependency;
			target = 2FB231DB22A18A0C0093A900 /* OnionGame */;
			targetProxy = 2FB231F322A18A120093A900 /* PBXContainerItemProxy */;
		};
/* End PBXTargetDependency section */

/* Begin PBXVariantGroup section */
		2FB231E522A18A0C0093A900 /* Main.storyboard */ = {
			isa = PBXVariantGroup;
			children = (
				2FB231E622A18A0C0093A900 /* Base */,
			);
			name = Main.storyboard;
			sourceTree = "<group>";
		};
		2FB231EA22A18A120093A900 /* LaunchScreen.storyboard */ = {
			isa = PBXVariantGroup;
			children = (
				2FB231EB22A18A120093A900 /* Base */,
			);
			name = LaunchScreen.storyboard;
			sourceTree = "<group>";
		};
/* End PBXVariantGroup section */

/* Begin XCBuildConfiguration section */
		2FB231F922A18A120093A900 /* Debug */ = {
			isa = XCBuildConfiguration;
			buildSettings = {
				ALWAYS_SEARCH_USER_PATHS = NO;
				CLANG_ANALYZER_NONNULL = YES;
				CLANG_ANALYZER_NUMBER_OBJECT_CONVERSION = YES_AGGRESSIVE;
				CLANG_CXX_LANGUAGE_STANDARD = "gnu++14";
				CLANG_CXX_LIBRARY = "libc++";
				CLANG_ENABLE_MODULES = YES;
				CLANG_ENABLE_OBJC_ARC = YES;
				CLANG_ENABLE_OBJC_WEAK = YES;
				CLANG_WARN_BLOCK_CAPTURE_AUTORELEASING = YES;
				CLANG_WARN_BOOL_CONVERSION = YES;
				CLANG_WARN_COMMA = YES;
				CLANG_WARN_CONSTANT_CONVERSION = YES;
				CLANG_WARN_DEPRECATED_OBJC_IMPLEMENTATIONS = YES;
				CLANG_WARN_DIRECT_OBJC_ISA_USAGE = YES_ERROR;
				CLANG_WARN_DOCUMENTATION_COMMENTS = YES;
				CLANG_WARN_EMPTY_BODY = YES;
				CLANG_WARN_ENUM_CONVERSION = YES;
				CLANG_WARN_INFINITE_RECURSION = YES;
				CLANG_WARN_INT_CONVERSION = YES;
				CLANG_WARN_NON_LITERAL_NULL_CONVERSION = YES;
				CLANG_WARN_OBJC_IMPLICIT_RETAIN_SELF = YES;
				CLANG_WARN_OBJC_LITERAL_CONVERSION = YES;
				CLANG_WARN_OBJC_ROOT_CLASS = YES_ERROR;
				CLANG_WARN_RANGE_LOOP_ANALYSIS = YES;
				CLANG_WARN_STRICT_PROTOTYPES = YES;
				CLANG_WARN_SUSPICIOUS_MOVE = YES;
				CLANG_WARN_UNGUARDED_AVAILABILITY = YES_AGGRESSIVE;
				CLANG_WARN_UNREACHABLE_CODE = YES;
				CLANG_WARN__DUPLICATE_METHOD_MATCH = YES;
				CODE_SIGN_IDENTITY = "iPhone Developer";
				COPY_PHASE_STRIP = NO;
				DEBUG_INFORMATION_FORMAT = dwarf;
				ENABLE_STRICT_OBJC_MSGSEND = YES;
				ENABLE_TESTABILITY = YES;
				GCC_C_LANGUAGE_STANDARD = gnu11;
				GCC_DYNAMIC_NO_PIC = NO;
				GCC_NO_COMMON_BLOCKS = YES;
				GCC_OPTIMIZATION_LEVEL = 0;
				GCC_PREPROCESSOR_DEFINITIONS = (
					"DEBUG=1",
					"$(inherited)",
				);
				GCC_WARN_64_TO_32_BIT_CONVERSION = YES;
				GCC_WARN_ABOUT_RETURN_TYPE = YES_ERROR;
				GCC_WARN_UNDECLARED_SELECTOR = YES;
				GCC_WARN_UNINITIALIZED_AUTOS = YES_AGGRESSIVE;
				GCC_WARN_UNUSED_FUNCTION = YES;
				GCC_WARN_UNUSED_VARIABLE = YES;
				IPHONEOS_DEPLOYMENT_TARGET = 12.2;
				MTL_ENABLE_DEBUG_INFO = INCLUDE_SOURCE;
				MTL_FAST_MATH = YES;
				ONLY_ACTIVE_ARCH = NO;
				SDKROOT = iphoneos;
				SWIFT_ACTIVE_COMPILATION_CONDITIONS = DEBUG;
				SWIFT_OPTIMIZATION_LEVEL = "-Onone";
			};
			name = Debug;
		};
		2FB231FA22A18A120093A900 /* Release */ = {
			isa = XCBuildConfiguration;
			buildSettings = {
				ALWAYS_SEARCH_USER_PATHS = NO;
				CLANG_ANALYZER_NONNULL = YES;
				CLANG_ANALYZER_NUMBER_OBJECT_CONVERSION = YES_AGGRESSIVE;
				CLANG_CXX_LANGUAGE_STANDARD = "gnu++14";
				CLANG_CXX_LIBRARY = "libc++";
				CLANG_ENABLE_MODULES = YES;
				CLANG_ENABLE_OBJC_ARC = YES;
				CLANG_ENABLE_OBJC_WEAK = YES;
				CLANG_WARN_BLOCK_CAPTURE_AUTORELEASING = YES;
				CLANG_WARN_BOOL_CONVERSION = YES;
				CLANG_WARN_COMMA = YES;
				CLANG_WARN_CONSTANT_CONVERSION = YES;
				CLANG_WARN_DEPRECATED_OBJC_IMPLEMENTATIONS = YES;
				CLANG_WARN_DIRECT_OBJC_ISA_USAGE = YES_ERROR;
				CLANG_WARN_DOCUMENTATION_COMMENTS = YES;
				CLANG_WARN_EMPTY_BODY = YES;
				CLANG_WARN_ENUM_CONVERSION = YES;
				CLANG_WARN_INFINITE_RECURSION = YES;
				CLANG_WARN_INT_CONVERSION = YES;
				CLANG_WARN_NON_LITERAL_NULL_CONVERSION = YES;
				CLANG_WARN_OBJC_IMPLICIT_RETAIN_SELF = YES;
				CLANG_WARN_OBJC_LITERAL_CONVERSION = YES;
				CLANG_WARN_OBJC_ROOT_CLASS = YES_ERROR;
				CLANG_WARN_RANGE_LOOP_ANALYSIS = YES;
				CLANG_WARN_STRICT_PROTOTYPES = YES;
				CLANG_WARN_SUSPICIOUS_MOVE = YES;
				CLANG_WARN_UNGUARDED_AVAILABILITY = YES_AGGRESSIVE;
				CLANG_WARN_UNREACHABLE_CODE = YES;
				CLANG_WARN__DUPLICATE_METHOD_MATCH = YES;
				CODE_SIGN_IDENTITY = "iPhone Developer";
				COPY_PHASE_STRIP = NO;
				DEBUG_INFORMATION_FORMAT = "dwarf-with-dsym";
				ENABLE_NS_ASSERTIONS = NO;
				ENABLE_STRICT_OBJC_MSGSEND = YES;
				GCC_C_LANGUAGE_STANDARD = gnu11;
				GCC_NO_COMMON_BLOCKS = YES;
				GCC_WARN_64_TO_32_BIT_CONVERSION = YES;
				GCC_WARN_ABOUT_RETURN_TYPE = YES_ERROR;
				GCC_WARN_UNDECLARED_SELECTOR = YES;
				GCC_WARN_UNINITIALIZED_AUTOS = YES_AGGRESSIVE;
				GCC_WARN_UNUSED_FUNCTION = YES;
				GCC_WARN_UNUSED_VARIABLE = YES;
				IPHONEOS_DEPLOYMENT_TARGET = 12.2;
				MTL_ENABLE_DEBUG_INFO = NO;
				MTL_FAST_MATH = YES;
				SDKROOT = iphoneos;
				SWIFT_COMPILATION_MODE = wholemodule;
				SWIFT_OPTIMIZATION_LEVEL = "-O";
				VALIDATE_PRODUCT = YES;
			};
			name = Release;
		};
		2FB231FC22A18A120093A900 /* Debug */ = {
			isa = XCBuildConfiguration;
			baseConfigurationReference = 7BEB9C5F507D44F4A05773C8 /* Pods-OnionGame.debug.xcconfig */;
			buildSettings = {
				ASSETCATALOG_COMPILER_APPICON_NAME = AppIcon;
				CODE_SIGN_ENTITLEMENTS = OnionGame/OnionGame.entitlements;
				CODE_SIGN_IDENTITY = "iPhone Developer";
				CODE_SIGN_STYLE = Automatic;
				DEVELOPMENT_TEAM = 4WLV4QX3JV;
				INFOPLIST_FILE = OnionGame/Info.plist;
				LD_RUNPATH_SEARCH_PATHS = (
					"$(inherited)",
					"@executable_path/Frameworks",
				);
				ONLY_ACTIVE_ARCH = NO;
				PRODUCT_BUNDLE_IDENTIFIER = Des.OnionGame;
				PRODUCT_NAME = "$(TARGET_NAME)";
				PROVISIONING_PROFILE_SPECIFIER = "";
				SWIFT_VERSION = 5.0;
				TARGETED_DEVICE_FAMILY = "1,2";
			};
			name = Debug;
		};
		2FB231FD22A18A120093A900 /* Release */ = {
			isa = XCBuildConfiguration;
			baseConfigurationReference = 730789F3F37C56DBBC21134D /* Pods-OnionGame.release.xcconfig */;
			buildSettings = {
				ASSETCATALOG_COMPILER_APPICON_NAME = AppIcon;
				CODE_SIGN_ENTITLEMENTS = OnionGame/OnionGame.entitlements;
				CODE_SIGN_IDENTITY = "iPhone Developer";
				CODE_SIGN_STYLE = Automatic;
				DEVELOPMENT_TEAM = 4WLV4QX3JV;
				INFOPLIST_FILE = OnionGame/Info.plist;
				LD_RUNPATH_SEARCH_PATHS = (
					"$(inherited)",
					"@executable_path/Frameworks",
				);
				PRODUCT_BUNDLE_IDENTIFIER = Des.OnionGame;
				PRODUCT_NAME = "$(TARGET_NAME)";
				PROVISIONING_PROFILE_SPECIFIER = "";
				SWIFT_VERSION = 5.0;
				TARGETED_DEVICE_FAMILY = "1,2";
			};
			name = Release;
		};
		2FB231FF22A18A120093A900 /* Debug */ = {
			isa = XCBuildConfiguration;
			buildSettings = {
				ALWAYS_EMBED_SWIFT_STANDARD_LIBRARIES = YES;
				BUNDLE_LOADER = "$(TEST_HOST)";
				CODE_SIGN_STYLE = Automatic;
				DEVELOPMENT_TEAM = 4WLV4QX3JV;
				INFOPLIST_FILE = OnionGameTests/Info.plist;
				LD_RUNPATH_SEARCH_PATHS = (
					"$(inherited)",
					"@executable_path/Frameworks",
					"@loader_path/Frameworks",
				);
				PRODUCT_BUNDLE_IDENTIFIER = Des.OnionGameTests;
				PRODUCT_NAME = "$(TARGET_NAME)";
				SWIFT_VERSION = 5.0;
				TARGETED_DEVICE_FAMILY = "1,2";
				TEST_HOST = "$(BUILT_PRODUCTS_DIR)/OnionGame.app/OnionGame";
			};
			name = Debug;
		};
		2FB2320022A18A120093A900 /* Release */ = {
			isa = XCBuildConfiguration;
			buildSettings = {
				ALWAYS_EMBED_SWIFT_STANDARD_LIBRARIES = YES;
				BUNDLE_LOADER = "$(TEST_HOST)";
				CODE_SIGN_STYLE = Automatic;
				DEVELOPMENT_TEAM = 4WLV4QX3JV;
				INFOPLIST_FILE = OnionGameTests/Info.plist;
				LD_RUNPATH_SEARCH_PATHS = (
					"$(inherited)",
					"@executable_path/Frameworks",
					"@loader_path/Frameworks",
				);
				PRODUCT_BUNDLE_IDENTIFIER = Des.OnionGameTests;
				PRODUCT_NAME = "$(TARGET_NAME)";
				SWIFT_VERSION = 5.0;
				TARGETED_DEVICE_FAMILY = "1,2";
				TEST_HOST = "$(BUILT_PRODUCTS_DIR)/OnionGame.app/OnionGame";
			};
			name = Release;
		};
/* End XCBuildConfiguration section */

/* Begin XCConfigurationList section */
		2FB231D722A18A0C0093A900 /* Build configuration list for PBXProject "OnionGame" */ = {
			isa = XCConfigurationList;
			buildConfigurations = (
				2FB231F922A18A120093A900 /* Debug */,
				2FB231FA22A18A120093A900 /* Release */,
			);
			defaultConfigurationIsVisible = 0;
			defaultConfigurationName = Release;
		};
		2FB231FB22A18A120093A900 /* Build configuration list for PBXNativeTarget "OnionGame" */ = {
			isa = XCConfigurationList;
			buildConfigurations = (
				2FB231FC22A18A120093A900 /* Debug */,
				2FB231FD22A18A120093A900 /* Release */,
			);
			defaultConfigurationIsVisible = 0;
			defaultConfigurationName = Release;
		};
		2FB231FE22A18A120093A900 /* Build configuration list for PBXNativeTarget "OnionGameTests" */ = {
			isa = XCConfigurationList;
			buildConfigurations = (
				2FB231FF22A18A120093A900 /* Debug */,
				2FB2320022A18A120093A900 /* Release */,
			);
			defaultConfigurationIsVisible = 0;
			defaultConfigurationName = Release;
		};
/* End XCConfigurationList section */
	};
	rootObject = 2FB231D422A18A0C0093A900 /* Project object */;
}
